
Microsoft Visual Studio Solution File, Format Version 12.00
# Visual Studio Version 17
VisualStudioVersion = 17.2.32526.322
MinimumVisualStudioVersion = 10.0.40219.1
Project("{FAE04EC0-301F-11D3-BF4B-00C04F79EFBC}") = "MemoryCacheDemo", "MemoryCacheDemo\MemoryCacheDemo.csproj", "{3FE626C9-7D9F-423E-9884-C87809FE9951}"
EndProject
Global
	GlobalSection(SolutionConfigurationPlatforms) = preSolution
		Debug|Any CPU = Debug|Any CPU
		Release|Any CPU = Release|Any CPU
	EndGlobalSection
	GlobalSection(ProjectConfigurationPlatforms) = postSolution
		{3FE626C9-7D9F-423E-9884-C87809FE9951}.Debug|Any CPU.ActiveCfg = Debug|Any CPU
		{3FE626C9-7D9F-423E-9884-C87809FE9951}.Debug|Any CPU.Build.0 = Debug|Any CPU
		{3FE626C9-7D9F-423E-9884-C87809FE9951}.Release|Any CPU.ActiveCfg = Release|Any CPU
		{3FE626C9-7D9F-423E-9884-C87809FE9951}.Release|Any CPU.Build.0 = Release|Any CPU
	EndGlobalSection
	GlobalSection(SolutionProperties) = preSolution
		HideSolutionNode = FALSE
	EndGlobalSection
	GlobalSection(ExtensibilityGlobals) = postSolution
		SolutionGuid = {B5365D32-47E1-4572-8F28-5564E76ABA66}
	EndGlobalSection
EndGlobal
